// !$*UTF8*$!
{
	archiveVersion = 1;
	classes = {
	};
	objectVersion = 56;
	objects = {

/* Begin PBXBuildFile section */
		0C093AB22A6824F800C322AD /* AppDelegate.swift in Sources */ = {isa = PBXBuildFile; fileRef = 0C093AB12A6824F800C322AD /* AppDelegate.swift */; };
		0C093AB42A6824F800C322AD /* SceneDelegate.swift in Sources */ = {isa = PBXBuildFile; fileRef = 0C093AB32A6824F800C322AD /* SceneDelegate.swift */; };
		0C093AB62A6824F800C322AD /* ViewController.swift in Sources */ = {isa = PBXBuildFile; fileRef = 0C093AB52A6824F800C322AD /* ViewController.swift */; };
		0C093AB92A6824F800C322AD /* Main.storyboard in Resources */ = {isa = PBXBuildFile; fileRef = 0C093AB72A6824F800C322AD /* Main.storyboard */; };
		0C093ABB2A6824FA00C322AD /* Assets.xcassets in Resources */ = {isa = PBXBuildFile; fileRef = 0C093ABA2A6824FA00C322AD /* Assets.xcassets */; };
		0C093ABE2A6824FA00C322AD /* LaunchScreen.storyboard in Resources */ = {isa = PBXBuildFile; fileRef = 0C093ABC2A6824FA00C322AD /* LaunchScreen.storyboard */; };
		0C093AC92A6824FB00C322AD /* KidsnoteTests.swift in Sources */ = {isa = PBXBuildFile; fileRef = 0C093AC82A6824FB00C322AD /* KidsnoteTests.swift */; };
		0C093AD32A6824FB00C322AD /* KidsnoteUITests.swift in Sources */ = {isa = PBXBuildFile; fileRef = 0C093AD22A6824FB00C322AD /* KidsnoteUITests.swift */; };
		0C093AD52A6824FB00C322AD /* KidsnoteUITestsLaunchTests.swift in Sources */ = {isa = PBXBuildFile; fileRef = 0C093AD42A6824FB00C322AD /* KidsnoteUITestsLaunchTests.swift */; };
/* End PBXBuildFile section */

/* Begin PBXContainerItemProxy section */
		0C093AC52A6824FB00C322AD /* PBXContainerItemProxy */ = {
			isa = PBXContainerItemProxy;
			containerPortal = 0C093AA62A6824F800C322AD /* Project object */;
			proxyType = 1;
			remoteGlobalIDString = 0C093AAD2A6824F800C322AD;
			remoteInfo = Kidsnote;
		};
		0C093ACF2A6824FB00C322AD /* PBXContainerItemProxy */ = {
			isa = PBXContainerItemProxy;
			containerPortal = 0C093AA62A6824F800C322AD /* Project object */;
			proxyType = 1;
			remoteGlobalIDString = 0C093AAD2A6824F800C322AD;
			remoteInfo = Kidsnote;
		};
/* End PBXContainerItemProxy section */

/* Begin PBXFileReference section */
		0C093AAE2A6824F800C322AD /* Kidsnote.app */ = {isa = PBXFileReference; explicitFileType = wrapper.application; includeInIndex = 0; path = Kidsnote.app; sourceTree = BUILT_PRODUCTS_DIR; };
		0C093AB12A6824F800C322AD /* AppDelegate.swift */ = {isa = PBXFileReference; lastKnownFileType = sourcecode.swift; path = AppDelegate.swift; sourceTree = "<group>"; };
		0C093AB32A6824F800C322AD /* SceneDelegate.swift */ = {isa = PBXFileReference; lastKnownFileType = sourcecode.swift; path = SceneDelegate.swift; sourceTree = "<group>"; };
		0C093AB52A6824F800C322AD /* ViewController.swift */ = {isa = PBXFileReference; lastKnownFileType = sourcecode.swift; path = ViewController.swift; sourceTree = "<group>"; };
		0C093AB82A6824F800C322AD /* Base */ = {isa = PBXFileReference; lastKnownFileType = file.storyboard; name = Base; path = Base.lproj/Main.storyboard; sourceTree = "<group>"; };
		0C093ABA2A6824FA00C322AD /* Assets.xcassets */ = {isa = PBXFileReference; lastKnownFileType = folder.assetcatalog; path = Assets.xcassets; sourceTree = "<group>"; };
		0C093ABD2A6824FA00C322AD /* Base */ = {isa = PBXFileReference; lastKnownFileType = file.storyboard; name = Base; path = Base.lproj/LaunchScreen.storyboard; sourceTree = "<group>"; };
		0C093ABF2A6824FA00C322AD /* Info.plist */ = {isa = PBXFileReference; lastKnownFileType = text.plist.xml; path = Info.plist; sourceTree = "<group>"; };
		0C093AC42A6824FB00C322AD /* KidsnoteTests.xctest */ = {isa = PBXFileReference; explicitFileType = wrapper.cfbundle; includeInIndex = 0; path = KidsnoteTests.xctest; sourceTree = BUILT_PRODUCTS_DIR; };
		0C093AC82A6824FB00C322AD /* KidsnoteTests.swift */ = {isa = PBXFileReference; lastKnownFileType = sourcecode.swift; path = KidsnoteTests.swift; sourceTree = "<group>"; };
		0C093ACE2A6824FB00C322AD /* KidsnoteUITests.xctest */ = {isa = PBXFileReference; explicitFileType = wrapper.cfbundle; includeInIndex = 0; path = KidsnoteUITests.xctest; sourceTree = BUILT_PRODUCTS_DIR; };
		0C093AD22A6824FB00C322AD /* KidsnoteUITests.swift */ = {isa = PBXFileReference; lastKnownFileType = sourcecode.swift; path = KidsnoteUITests.swift; sourceTree = "<group>"; };
		0C093AD42A6824FB00C322AD /* KidsnoteUITestsLaunchTests.swift */ = {isa = PBXFileReference; lastKnownFileType = sourcecode.swift; path = KidsnoteUITestsLaunchTests.swift; sourceTree = "<group>"; };
/* End PBXFileReference section */

/* Begin PBXFrameworksBuildPhase section */
		0C093AAB2A6824F800C322AD /* Frameworks */ = {
			isa = PBXFrameworksBuildPhase;
			buildActionMask = 2147483647;
			files = (
			);
			runOnlyForDeploymentPostprocessing = 0;
		};
		0C093AC12A6824FB00C322AD /* Frameworks */ = {
			isa = PBXFrameworksBuildPhase;
			buildActionMask = 2147483647;
			files = (
			);
			runOnlyForDeploymentPostprocessing = 0;
		};
		0C093ACB2A6824FB00C322AD /* Frameworks */ = {
			isa = PBXFrameworksBuildPhase;
			buildActionMask = 2147483647;
			files = (
			);
			runOnlyForDeploymentPostprocessing = 0;
		};
/* End PBXFrameworksBuildPhase section */

/* Begin PBXGroup section */
		0C093AA52A6824F800C322AD = {
			isa = PBXGroup;
			children = (
				0C093AB02A6824F800C322AD /* Kidsnote */,
				0C093AC72A6824FB00C322AD /* KidsnoteTests */,
				0C093AD12A6824FB00C322AD /* KidsnoteUITests */,
				0C093AAF2A6824F800C322AD /* Products */,
			);
			sourceTree = "<group>";
		};
		0C093AAF2A6824F800C322AD /* Products */ = {
			isa = PBXGroup;
			children = (
				0C093AAE2A6824F800C322AD /* Kidsnote.app */,
				0C093AC42A6824FB00C322AD /* KidsnoteTests.xctest */,
				0C093ACE2A6824FB00C322AD /* KidsnoteUITests.xctest */,
			);
			name = Products;
			sourceTree = "<group>";
		};
		0C093AB02A6824F800C322AD /* Kidsnote */ = {
			isa = PBXGroup;
			children = (
				0C093AB12A6824F800C322AD /* AppDelegate.swift */,
				0C093AB32A6824F800C322AD /* SceneDelegate.swift */,
				0C093AB52A6824F800C322AD /* ViewController.swift */,
				0C093AB72A6824F800C322AD /* Main.storyboard */,
				0C093ABA2A6824FA00C322AD /* Assets.xcassets */,
				0C093ABC2A6824FA00C322AD /* LaunchScreen.storyboard */,
				0C093ABF2A6824FA00C322AD /* Info.plist */,
			);
			path = Kidsnote;
			sourceTree = "<group>";
		};
		0C093AC72A6824FB00C322AD /* KidsnoteTests */ = {
			isa = PBXGroup;
			children = (
				0C093AC82A6824FB00C322AD /* KidsnoteTests.swift */,
			);
			path = KidsnoteTests;
			sourceTree = "<group>";
		};
		0C093AD12A6824FB00C322AD /* KidsnoteUITests */ = {
			isa = PBXGroup;
			children = (
				0C093AD22A6824FB00C322AD /* KidsnoteUITests.swift */,
				0C093AD42A6824FB00C322AD /* KidsnoteUITestsLaunchTests.swift */,
			);
			path = KidsnoteUITests;
			sourceTree = "<group>";
		};
/* End PBXGroup section */

/* Begin PBXNativeTarget section */
		0C093AAD2A6824F800C322AD /* Kidsnote */ = {
			isa = PBXNativeTarget;
			buildConfigurationList = 0C093AD82A6824FB00C322AD /* Build configuration list for PBXNativeTarget "Kidsnote" */;
			buildPhases = (
				0C093AAA2A6824F800C322AD /* Sources */,
				0C093AAB2A6824F800C322AD /* Frameworks */,
				0C093AAC2A6824F800C322AD /* Resources */,
			);
			buildRules = (
			);
			dependencies = (
			);
			name = Kidsnote;
			productName = Kidsnote;
			productReference = 0C093AAE2A6824F800C322AD /* Kidsnote.app */;
			productType = "com.apple.product-type.application";
		};
		0C093AC32A6824FB00C322AD /* KidsnoteTests */ = {
			isa = PBXNativeTarget;
			buildConfigurationList = 0C093ADB2A6824FB00C322AD /* Build configuration list for PBXNativeTarget "KidsnoteTests" */;
			buildPhases = (
				0C093AC02A6824FB00C322AD /* Sources */,
				0C093AC12A6824FB00C322AD /* Frameworks */,
				0C093AC22A6824FB00C322AD /* Resources */,
			);
			buildRules = (
			);
			dependencies = (
				0C093AC62A6824FB00C322AD /* PBXTargetDependency */,
			);
			name = KidsnoteTests;
			productName = KidsnoteTests;
			productReference = 0C093AC42A6824FB00C322AD /* KidsnoteTests.xctest */;
			productType = "com.apple.product-type.bundle.unit-test";
		};
		0C093ACD2A6824FB00C322AD /* KidsnoteUITests */ = {
			isa = PBXNativeTarget;
			buildConfigurationList = 0C093ADE2A6824FB00C322AD /* Build configuration list for PBXNativeTarget "KidsnoteUITests" */;
			buildPhases = (
				0C093ACA2A6824FB00C322AD /* Sources */,
				0C093ACB2A6824FB00C322AD /* Frameworks */,
				0C093ACC2A6824FB00C322AD /* Resources */,
			);
			buildRules = (
			);
			dependencies = (
				0C093AD02A6824FB00C322AD /* PBXTargetDependency */,
			);
			name = KidsnoteUITests;
			productName = KidsnoteUITests;
			productReference = 0C093ACE2A6824FB00C322AD /* KidsnoteUITests.xctest */;
			productType = "com.apple.product-type.bundle.ui-testing";
		};
/* End PBXNativeTarget section */

/* Begin PBXProject section */
		0C093AA62A6824F800C322AD /* Project object */ = {
			isa = PBXProject;
			attributes = {
				BuildIndependentTargetsInParallel = 1;
				LastSwiftUpdateCheck = 1420;
				LastUpgradeCheck = 1420;
				TargetAttributes = {
					0C093AAD2A6824F800C322AD = {
						CreatedOnToolsVersion = 14.2;
					};
					0C093AC32A6824FB00C322AD = {
						CreatedOnToolsVersion = 14.2;
						TestTargetID = 0C093AAD2A6824F800C322AD;
					};
					0C093ACD2A6824FB00C322AD = {
						CreatedOnToolsVersion = 14.2;
						TestTargetID = 0C093AAD2A6824F800C322AD;
					};
				};
			};
			buildConfigurationList = 0C093AA92A6824F800C322AD /* Build configuration list for PBXProject "Kidsnote" */;
			compatibilityVersion = "Xcode 14.0";
			developmentRegion = en;
			hasScannedForEncodings = 0;
			knownRegions = (
				en,
				Base,
			);
			mainGroup = 0C093AA52A6824F800C322AD;
			productRefGroup = 0C093AAF2A6824F800C322AD /* Products */;
			projectDirPath = "";
			projectRoot = "";
			targets = (
				0C093AAD2A6824F800C322AD /* Kidsnote */,
				0C093AC32A6824FB00C322AD /* KidsnoteTests */,
				0C093ACD2A6824FB00C322AD /* KidsnoteUITests */,
			);
		};
/* End PBXProject section */

/* Begin PBXResourcesBuildPhase section */
		0C093AAC2A6824F800C322AD /* Resources */ = {
			isa = PBXResourcesBuildPhase;
			buildActionMask = 2147483647;
			files = (
				0C093ABE2A6824FA00C322AD /* LaunchScreen.storyboard in Resources */,
				0C093ABB2A6824FA00C322AD /* Assets.xcassets in Resources */,
				0C093AB92A6824F800C322AD /* Main.storyboard in Resources */,
			);
			runOnlyForDeploymentPostprocessing = 0;
		};
		0C093AC22A6824FB00C322AD /* Resources */ = {
			isa = PBXResourcesBuildPhase;
			buildActionMask = 2147483647;
			files = (
			);
			runOnlyForDeploymentPostprocessing = 0;
		};
		0C093ACC2A6824FB00C322AD /* Resources */ = {
			isa = PBXResourcesBuildPhase;
			buildActionMask = 2147483647;
			files = (
			);
			runOnlyForDeploymentPostprocessing = 0;
		};
/* End PBXResourcesBuildPhase section */

/* Begin PBXSourcesBuildPhase section */
		0C093AAA2A6824F800C322AD /* Sources */ = {
			isa = PBXSourcesBuildPhase;
			buildActionMask = 2147483647;
			files = (
				0C093AB62A6824F800C322AD /* ViewController.swift in Sources */,
				0C093AB22A6824F800C322AD /* AppDelegate.swift in Sources */,
				0C093AB42A6824F800C322AD /* SceneDelegate.swift in Sources */,
			);
			runOnlyForDeploymentPostprocessing = 0;
		};
		0C093AC02A6824FB00C322AD /* Sources */ = {
			isa = PBXSourcesBuildPhase;
			buildActionMask = 2147483647;
			files = (
				0C093AC92A6824FB00C322AD /* KidsnoteTests.swift in Sources */,
			);
			runOnlyForDeploymentPostprocessing = 0;
		};
		0C093ACA2A6824FB00C322AD /* Sources */ = {
			isa = PBXSourcesBuildPhase;
			buildActionMask = 2147483647;
			files = (
				0C093AD52A6824FB00C322AD /* KidsnoteUITestsLaunchTests.swift in Sources */,
				0C093AD32A6824FB00C322AD /* KidsnoteUITests.swift in Sources */,
			);
			runOnlyForDeploymentPostprocessing = 0;
		};
/* End PBXSourcesBuildPhase section */

/* Begin PBXTargetDependency section */
		0C093AC62A6824FB00C322AD /* PBXTargetDependency */ = {
			isa = PBXTargetDependency;
			target = 0C093AAD2A6824F800C322AD /* Kidsnote */;
			targetProxy = 0C093AC52A6824FB00C322AD /* PBXContainerItemProxy */;
		};
		0C093AD02A6824FB00C322AD /* PBXTargetDependency */ = {
			isa = PBXTargetDependency;
			target = 0C093AAD2A6824F800C322AD /* Kidsnote */;
			targetProxy = 0C093ACF2A6824FB00C322AD /* PBXContainerItemProxy */;
		};
/* End PBXTargetDependency section */

/* Begin PBXVariantGroup section */
		0C093AB72A6824F800C322AD /* Main.storyboard */ = {
			isa = PBXVariantGroup;
			children = (
				0C093AB82A6824F800C322AD /* Base */,
			);
			name = Main.storyboard;
			sourceTree = "<group>";
		};
		0C093ABC2A6824FA00C322AD /* LaunchScreen.storyboard */ = {
			isa = PBXVariantGroup;
			children = (
				0C093ABD2A6824FA00C322AD /* Base */,
			);
			name = LaunchScreen.storyboard;
			sourceTree = "<group>";
		};
/* End PBXVariantGroup section */

/* Begin XCBuildConfiguration section */
		0C093AD62A6824FB00C322AD /* Debug */ = {
			isa = XCBuildConfiguration;
			buildSettings = {
				ALWAYS_SEARCH_USER_PATHS = NO;
				CLANG_ANALYZER_NONNULL = YES;
				CLANG_ANALYZER_NUMBER_OBJECT_CONVERSION = YES_AGGRESSIVE;
				CLANG_CXX_LANGUAGE_STANDARD = "gnu++20";
				CLANG_ENABLE_MODULES = YES;
				CLANG_ENABLE_OBJC_ARC = YES;
				CLANG_ENABLE_OBJC_WEAK = YES;
				CLANG_WARN_BLOCK_CAPTURE_AUTORELEASING = YES;
				CLANG_WARN_BOOL_CONVERSION = YES;
				CLANG_WARN_COMMA = YES;
				CLANG_WARN_CONSTANT_CONVERSION = YES;
				CLANG_WARN_DEPRECATED_OBJC_IMPLEMENTATIONS = YES;
				CLANG_WARN_DIRECT_OBJC_ISA_USAGE = YES_ERROR;
				CLANG_WARN_DOCUMENTATION_COMMENTS = YES;
				CLANG_WARN_EMPTY_BODY = YES;
				CLANG_WARN_ENUM_CONVERSION = YES;
				CLANG_WARN_INFINITE_RECURSION = YES;
				CLANG_WARN_INT_CONVERSION = YES;
				CLANG_WARN_NON_LITERAL_NULL_CONVERSION = YES;
				CLANG_WARN_OBJC_IMPLICIT_RETAIN_SELF = YES;
				CLANG_WARN_OBJC_LITERAL_CONVERSION = YES;
				CLANG_WARN_OBJC_ROOT_CLASS = YES_ERROR;
				CLANG_WARN_QUOTED_INCLUDE_IN_FRAMEWORK_HEADER = YES;
				CLANG_WARN_RANGE_LOOP_ANALYSIS = YES;
				CLANG_WARN_STRICT_PROTOTYPES = YES;
				CLANG_WARN_SUSPICIOUS_MOVE = YES;
				CLANG_WARN_UNGUARDED_AVAILABILITY = YES_AGGRESSIVE;
				CLANG_WARN_UNREACHABLE_CODE = YES;
				CLANG_WARN__DUPLICATE_METHOD_MATCH = YES;
				COPY_PHASE_STRIP = NO;
				DEBUG_INFORMATION_FORMAT = dwarf;
				ENABLE_STRICT_OBJC_MSGSEND = YES;
				ENABLE_TESTABILITY = YES;
				GCC_C_LANGUAGE_STANDARD = gnu11;
				GCC_DYNAMIC_NO_PIC = NO;
				GCC_NO_COMMON_BLOCKS = YES;
				GCC_OPTIMIZATION_LEVEL = 0;
				GCC_PREPROCESSOR_DEFINITIONS = (
					"DEBUG=1",
					"$(inherited)",
				);
				GCC_WARN_64_TO_32_BIT_CONVERSION = YES;
				GCC_WARN_ABOUT_RETURN_TYPE = YES_ERROR;
				GCC_WARN_UNDECLARED_SELECTOR = YES;
				GCC_WARN_UNINITIALIZED_AUTOS = YES_AGGRESSIVE;
				GCC_WARN_UNUSED_FUNCTION = YES;
				GCC_WARN_UNUSED_VARIABLE = YES;
				IPHONEOS_DEPLOYMENT_TARGET = 16.2;
				MTL_ENABLE_DEBUG_INFO = INCLUDE_SOURCE;
				MTL_FAST_MATH = YES;
				ONLY_ACTIVE_ARCH = YES;
				SDKROOT = iphoneos;
				SWIFT_ACTIVE_COMPILATION_CONDITIONS = DEBUG;
				SWIFT_OPTIMIZATION_LEVEL = "-Onone";
			};
			name = Debug;
		};
		0C093AD72A6824FB00C322AD /* Release */ = {
			isa = XCBuildConfiguration;
			buildSettings = {
				ALWAYS_SEARCH_USER_PATHS = NO;
				CLANG_ANALYZER_NONNULL = YES;
				CLANG_ANALYZER_NUMBER_OBJECT_CONVERSION = YES_AGGRESSIVE;
				CLANG_CXX_LANGUAGE_STANDARD = "gnu++20";
				CLANG_ENABLE_MODULES = YES;
				CLANG_ENABLE_OBJC_ARC = YES;
				CLANG_ENABLE_OBJC_WEAK = YES;
				CLANG_WARN_BLOCK_CAPTURE_AUTORELEASING = YES;
				CLANG_WARN_BOOL_CONVERSION = YES;
				CLANG_WARN_COMMA = YES;
				CLANG_WARN_CONSTANT_CONVERSION = YES;
				CLANG_WARN_DEPRECATED_OBJC_IMPLEMENTATIONS = YES;
				CLANG_WARN_DIRECT_OBJC_ISA_USAGE = YES_ERROR;
				CLANG_WARN_DOCUMENTATION_COMMENTS = YES;
				CLANG_WARN_EMPTY_BODY = YES;
				CLANG_WARN_ENUM_CONVERSION = YES;
				CLANG_WARN_INFINITE_RECURSION = YES;
				CLANG_WARN_INT_CONVERSION = YES;
				CLANG_WARN_NON_LITERAL_NULL_CONVERSION = YES;
				CLANG_WARN_OBJC_IMPLICIT_RETAIN_SELF = YES;
				CLANG_WARN_OBJC_LITERAL_CONVERSION = YES;
				CLANG_WARN_OBJC_ROOT_CLASS = YES_ERROR;
				CLANG_WARN_QUOTED_INCLUDE_IN_FRAMEWORK_HEADER = YES;
				CLANG_WARN_RANGE_LOOP_ANALYSIS = YES;
				CLANG_WARN_STRICT_PROTOTYPES = YES;
				CLANG_WARN_SUSPICIOUS_MOVE = YES;
				CLANG_WARN_UNGUARDED_AVAILABILITY = YES_AGGRESSIVE;
				CLANG_WARN_UNREACHABLE_CODE = YES;
				CLANG_WARN__DUPLICATE_METHOD_MATCH = YES;
				COPY_PHASE_STRIP = NO;
				DEBUG_INFORMATION_FORMAT = "dwarf-with-dsym";
				ENABLE_NS_ASSERTIONS = NO;
				ENABLE_STRICT_OBJC_MSGSEND = YES;
				GCC_C_LANGUAGE_STANDARD = gnu11;
				GCC_NO_COMMON_BLOCKS = YES;
				GCC_WARN_64_TO_32_BIT_CONVERSION = YES;
				GCC_WARN_ABOUT_RETURN_TYPE = YES_ERROR;
				GCC_WARN_UNDECLARED_SELECTOR = YES;
				GCC_WARN_UNINITIALIZED_AUTOS = YES_AGGRESSIVE;
				GCC_WARN_UNUSED_FUNCTION = YES;
				GCC_WARN_UNUSED_VARIABLE = YES;
				IPHONEOS_DEPLOYMENT_TARGET = 16.2;
				MTL_ENABLE_DEBUG_INFO = NO;
				MTL_FAST_MATH = YES;
				SDKROOT = iphoneos;
				SWIFT_COMPILATION_MODE = wholemodule;
				SWIFT_OPTIMIZATION_LEVEL = "-O";
				VALIDATE_PRODUCT = YES;
			};
			name = Release;
		};
		0C093AD92A6824FB00C322AD /* Debug */ = {
			isa = XCBuildConfiguration;
			buildSettings = {
				ASSETCATALOG_COMPILER_APPICON_NAME = AppIcon;
				ASSETCATALOG_COMPILER_GLOBAL_ACCENT_COLOR_NAME = AccentColor;
				CODE_SIGN_STYLE = Automatic;
				CURRENT_PROJECT_VERSION = 1;
				GENERATE_INFOPLIST_FILE = YES;
				INFOPLIST_FILE = Kidsnote/Info.plist;
				INFOPLIST_KEY_UIApplicationSupportsIndirectInputEvents = YES;
				INFOPLIST_KEY_UILaunchStoryboardName = LaunchScreen;
				INFOPLIST_KEY_UIMainStoryboardFile = Main;
				INFOPLIST_KEY_UISupportedInterfaceOrientations_iPad = "UIInterfaceOrientationPortrait UIInterfaceOrientationPortraitUpsideDown UIInterfaceOrientationLandscapeLeft UIInterfaceOrientationLandscapeRight";
				INFOPLIST_KEY_UISupportedInterfaceOrientations_iPhone = "UIInterfaceOrientationPortrait UIInterfaceOrientationLandscapeLeft UIInterfaceOrientationLandscapeRight";
				LD_RUNPATH_SEARCH_PATHS = (
					"$(inherited)",
					"@executable_path/Frameworks",
				);
				MARKETING_VERSION = 1.0;
				PRODUCT_BUNDLE_IDENTIFIER = kr.co.kidsnote.test.Kidsnote;
				PRODUCT_NAME = "$(TARGET_NAME)";
				SWIFT_EMIT_LOC_STRINGS = YES;
				SWIFT_VERSION = 5.0;
				TARGETED_DEVICE_FAMILY = "1,2";
			};
			name = Debug;
		};
		0C093ADA2A6824FB00C322AD /* Release */ = {
			isa = XCBuildConfiguration;
			buildSettings = {
				ASSETCATALOG_COMPILER_APPICON_NAME = AppIcon;
				ASSETCATALOG_COMPILER_GLOBAL_ACCENT_COLOR_NAME = AccentColor;
				CODE_SIGN_STYLE = Automatic;
				CURRENT_PROJECT_VERSION = 1;
				GENERATE_INFOPLIST_FILE = YES;
				INFOPLIST_FILE = Kidsnote/Info.plist;
				INFOPLIST_KEY_UIApplicationSupportsIndirectInputEvents = YES;
				INFOPLIST_KEY_UILaunchStoryboardName = LaunchScreen;
				INFOPLIST_KEY_UIMainStoryboardFile = Main;
				INFOPLIST_KEY_UISupportedInterfaceOrientations_iPad = "UIInterfaceOrientationPortrait UIInterfaceOrientationPortraitUpsideDown UIInterfaceOrientationLandscapeLeft UIInterfaceOrientationLandscapeRight";
				INFOPLIST_KEY_UISupportedInterfaceOrientations_iPhone = "UIInterfaceOrientationPortrait UIInterfaceOrientationLandscapeLeft UIInterfaceOrientationLandscapeRight";
				LD_RUNPATH_SEARCH_PATHS = (
					"$(inherited)",
					"@executable_path/Frameworks",
				);
				MARKETING_VERSION = 1.0;
				PRODUCT_BUNDLE_IDENTIFIER = kr.co.kidsnote.test.Kidsnote;
				PRODUCT_NAME = "$(TARGET_NAME)";
				SWIFT_EMIT_LOC_STRINGS = YES;
				SWIFT_VERSION = 5.0;
				TARGETED_DEVICE_FAMILY = "1,2";
			};
			name = Release;
		};
		0C093ADC2A6824FB00C322AD /* Debug */ = {
			isa = XCBuildConfiguration;
			buildSettings = {
				ALWAYS_EMBED_SWIFT_STANDARD_LIBRARIES = YES;
				BUNDLE_LOADER = "$(TEST_HOST)";
				CODE_SIGN_STYLE = Automatic;
				CURRENT_PROJECT_VERSION = 1;
				GENERATE_INFOPLIST_FILE = YES;
				IPHONEOS_DEPLOYMENT_TARGET = 16.2;
				MARKETING_VERSION = 1.0;
				PRODUCT_BUNDLE_IDENTIFIER = kr.co.kidsnote.test.KidsnoteTests;
				PRODUCT_NAME = "$(TARGET_NAME)";
				SWIFT_EMIT_LOC_STRINGS = NO;
				SWIFT_VERSION = 5.0;
				TARGETED_DEVICE_FAMILY = "1,2";
				TEST_HOST = "$(BUILT_PRODUCTS_DIR)/Kidsnote.app/$(BUNDLE_EXECUTABLE_FOLDER_PATH)/Kidsnote";
			};
			name = Debug;
		};
		0C093ADD2A6824FB00C322AD /* Release */ = {
			isa = XCBuildConfiguration;
			buildSettings = {
				ALWAYS_EMBED_SWIFT_STANDARD_LIBRARIES = YES;
				BUNDLE_LOADER = "$(TEST_HOST)";
				CODE_SIGN_STYLE = Automatic;
				CURRENT_PROJECT_VERSION = 1;
				GENERATE_INFOPLIST_FILE = YES;
				IPHONEOS_DEPLOYMENT_TARGET = 16.2;
				MARKETING_VERSION = 1.0;
				PRODUCT_BUNDLE_IDENTIFIER = kr.co.kidsnote.test.KidsnoteTests;
				PRODUCT_NAME = "$(TARGET_NAME)";
				SWIFT_EMIT_LOC_STRINGS = NO;
				SWIFT_VERSION = 5.0;
				TARGETED_DEVICE_FAMILY = "1,2";
				TEST_HOST = "$(BUILT_PRODUCTS_DIR)/Kidsnote.app/$(BUNDLE_EXECUTABLE_FOLDER_PATH)/Kidsnote";
			};
			name = Release;
		};
		0C093ADF2A6824FB00C322AD /* Debug */ = {
			isa = XCBuildConfiguration;
			buildSettings = {
				ALWAYS_EMBED_SWIFT_STANDARD_LIBRARIES = YES;
				CODE_SIGN_STYLE = Automatic;
				CURRENT_PROJECT_VERSION = 1;
				GENERATE_INFOPLIST_FILE = YES;
				MARKETING_VERSION = 1.0;
				PRODUCT_BUNDLE_IDENTIFIER = kr.co.kidsnote.test.KidsnoteUITests;
				PRODUCT_NAME = "$(TARGET_NAME)";
				SWIFT_EMIT_LOC_STRINGS = NO;
				SWIFT_VERSION = 5.0;
				TARGETED_DEVICE_FAMILY = "1,2";
				TEST_TARGET_NAME = Kidsnote;
			};
			name = Debug;
		};
		0C093AE02A6824FB00C322AD /* Release */ = {
			isa = XCBuildConfiguration;
			buildSettings = {
				ALWAYS_EMBED_SWIFT_STANDARD_LIBRARIES = YES;
				CODE_SIGN_STYLE = Automatic;
				CURRENT_PROJECT_VERSION = 1;
				GENERATE_INFOPLIST_FILE = YES;
				MARKETING_VERSION = 1.0;
				PRODUCT_BUNDLE_IDENTIFIER = kr.co.kidsnote.test.KidsnoteUITests;
				PRODUCT_NAME = "$(TARGET_NAME)";
				SWIFT_EMIT_LOC_STRINGS = NO;
				SWIFT_VERSION = 5.0;
				TARGETED_DEVICE_FAMILY = "1,2";
				TEST_TARGET_NAME = Kidsnote;
			};
			name = Release;
		};
/* End XCBuildConfiguration section */

/* Begin XCConfigurationList section */
		0C093AA92A6824F800C322AD /* Build configuration list for PBXProject "Kidsnote" */ = {
			isa = XCConfigurationList;
			buildConfigurations = (
				0C093AD62A6824FB00C322AD /* Debug */,
				0C093AD72A6824FB00C322AD /* Release */,
			);
			defaultConfigurationIsVisible = 0;
			defaultConfigurationName = Release;
		};
		0C093AD82A6824FB00C322AD /* Build configuration list for PBXNativeTarget "Kidsnote" */ = {
			isa = XCConfigurationList;
			buildConfigurations = (
				0C093AD92A6824FB00C322AD /* Debug */,
				0C093ADA2A6824FB00C322AD /* Release */,
			);
			defaultConfigurationIsVisible = 0;
			defaultConfigurationName = Release;
		};
		0C093ADB2A6824FB00C322AD /* Build configuration list for PBXNativeTarget "KidsnoteTests" */ = {
			isa = XCConfigurationList;
			buildConfigurations = (
				0C093ADC2A6824FB00C322AD /* Debug */,
				0C093ADD2A6824FB00C322AD /* Release */,
			);
			defaultConfigurationIsVisible = 0;
			defaultConfigurationName = Release;
		};
		0C093ADE2A6824FB00C322AD /* Build configuration list for PBXNativeTarget "KidsnoteUITests" */ = {
			isa = XCConfigurationList;
			buildConfigurations = (
				0C093ADF2A6824FB00C322AD /* Debug */,
				0C093AE02A6824FB00C322AD /* Release */,
			);
			defaultConfigurationIsVisible = 0;
			defaultConfigurationName = Release;
		};
/* End XCConfigurationList section */
	};
	rootObject = 0C093AA62A6824F800C322AD /* Project object */;
}
